<?xml version="1.0" encoding="utf-8"?>
<Project ToolsVersion="4.0" xmlns="http://schemas.microsoft.com/developer/msbuild/2003">
  <ItemGroup>
    <Filter Include="Исходные файлы">
      <UniqueIdentifier>{4FC737F1-C7A5-4376-A066-2A32D752A2FF}</UniqueIdentifier>
      <Extensions>cpp;c;cc;cxx;def;odl;idl;hpj;bat;asm;asmx</Extensions>
    </Filter>
    <Filter Include="Файлы заголовков">
      <UniqueIdentifier>{93995380-89BD-4b04-88EB-625FBE52EBFB}</UniqueIdentifier>
      <Extensions>h;hh;hpp;hxx;hm;inl;inc;xsd</Extensions>
    </Filter>
    <Filter Include="Файлы ресурсов">
      <UniqueIdentifier>{67DA6AB6-F800-4c08-8B7A-83BB121AAD01}</UniqueIdentifier>
      <Extensions>rc;ico;cur;bmp;dlg;rc2;rct;bin;rgs;gif;jpg;jpeg;jpe;resx;tiff;tif;png;wav;mfcribbon-ms</Extensions>
    </Filter>
    <Filter Include="Файлы ресурсов\Text">
      <UniqueIdentifier>{d231d91d-17aa-42b7-bc92-6bee97715229}</UniqueIdentifier>
    </Filter>
    <Filter Include="Файлы заголовков\CPU">
      <UniqueIdentifier>{81412f6b-64f1-47bb-9f1e-66868ee65bee}</UniqueIdentifier>
    </Filter>
    <Filter Include="Файлы заголовков\Special">
      <UniqueIdentifier>{1ee81f48-b0c4-468b-9a1b-0c46d6af8f82}</UniqueIdentifier>
    </Filter>
    <Filter Include="Файлы ресурсов\Programms">
      <UniqueIdentifier>{1706b93a-7db8-4132-8856-2cad4d113bba}</UniqueIdentifier>
    </Filter>
    <Filter Include="Исходные файлы\Special">
      <UniqueIdentifier>{9a5885b3-aa9e-4969-9361-a618c29f0076}</UniqueIdentifier>
    </Filter>
  </ItemGroup>
  <ItemGroup>
    <ClInclude Include="..\..\src\Compiler.hpp">
      <Filter>Файлы заголовков</Filter>
    </ClInclude>
    <ClInclude Include="..\..\src\Parser.hpp">
      <Filter>Файлы заголовков</Filter>
    </ClInclude>
    <ClInclude Include="..\..\src\CPU.hpp">
      <Filter>Файлы заголовков\CPU</Filter>
    </ClInclude>
    <ClInclude Include="..\..\src\RAM.hpp">
      <Filter>Файлы заголовков\CPU</Filter>
    </ClInclude>
    <ClInclude Include="..\..\src\Stack.hpp">
      <Filter>Файлы заголовков\CPU</Filter>
    </ClInclude>
    <ClInclude Include="..\..\src\Register.hpp">
      <Filter>Файлы заголовков\CPU</Filter>
    </ClInclude>
    <ClInclude Include="..\..\src\MyTypedefs.hpp">
      <Filter>Файлы заголовков\Special</Filter>
    </ClInclude>
    <ClInclude Include="..\..\src\MyMath.hpp">
      <Filter>Файлы заголовков\Special</Filter>
    </ClInclude>
    <ClInclude Include="..\..\src\Debugger.hpp">
      <Filter>Файлы заголовков\Special</Filter>
    </ClInclude>
    <ClInclude Include="..\..\src\Guard.hpp">
      <Filter>Файлы заголовков\Special</Filter>
    </ClInclude>
    <ClInclude Include="..\..\src\Hash.hpp">
      <Filter>Файлы заголовков\Special</Filter>
    </ClInclude>
    <ClInclude Include="..\..\src\Logger.hpp">
      <Filter>Файлы заголовков\Special</Filter>
    </ClInclude>
    <ClInclude Include="..\..\src\Storage.hpp">
      <Filter>Файлы заголовков\CPU</Filter>
    </ClInclude>
    <ClInclude Include="..\..\src\Wrap4BinaryIO.hpp">
      <Filter>Файлы заголовков\Special</Filter>
    </ClInclude>
  </ItemGroup>
  <ItemGroup>
    <ClCompile Include="..\..\src\main.cpp">
      <Filter>Исходные файлы</Filter>
    </ClCompile>
    <ClCompile Include="..\..\src\Parser.cpp">
      <Filter>Исходные файлы</Filter>
    </ClCompile>
    <ClCompile Include="..\..\src\Debugger.cpp">
      <Filter>Исходные файлы\Special</Filter>
    </ClCompile>
    <ClCompile Include="..\..\src\Hash.cpp">
      <Filter>Исходные файлы\Special</Filter>
    </ClCompile>
    <ClCompile Include="..\..\src\Logger.cpp">
      <Filter>Исходные файлы\Special</Filter>
    </ClCompile>
  </ItemGroup>
  <ItemGroup>
    <Text Include="..\..\src\Tests\Text\Text1.txt">
      <Filter>Файлы ресурсов\Text</Filter>
    </Text>
    <Text Include="..\..\src\Tests\Programs\Fibbonachi.txt">
      <Filter>Файлы ресурсов\Programms</Filter>
    </Text>
    <Text Include="..\..\src\Tests\Text\Text1Com.txt">
      <Filter>Файлы ресурсов\Text</Filter>
    </Text>
    <Text Include="..\..\src\Tests\Text\Text1BinText.txt">
      <Filter>Файлы ресурсов\Text</Filter>
    </Text>
    <Text Include="..\..\src\Tests\Text\Text1BinCom.txt">
      <Filter>Файлы ресурсов\Text</Filter>
    </Text>
    <Text Include="CPU.log">
      <Filter>Файлы ресурсов</Filter>
    </Text>
  </ItemGroup>
</Project>